
Microsoft Visual Studio Solution File, Format Version 12.00
# Visual Studio Version 17
VisualStudioVersion = 17.0.31903.59
MinimumVisualStudioVersion = 10.0.40219.1
Project("{2150E333-8FDC-42A3-9474-1A3956D46DE8}") = "src", "src", "{827E0CD3-B72D-47B6-A68D-7590B98EB39B}"
EndProject
Project("{2150E333-8FDC-42A3-9474-1A3956D46DE8}") = "Api", "Api", "{81034408-37C8-1011-444E-4C15C2FADA8E}"
EndProject
Project("{FAE04EC0-301F-11D3-BF4B-00C04F79EFBC}") = "FiapGames.Api", "src\Api\FiapGames.Api\FiapGames.Api.csproj", "{10BFD26C-0A83-4071-A4E2-6F219C9C9488}"
EndProject
Project("{2150E333-8FDC-42A3-9474-1A3956D46DE8}") = "Shared", "Shared", "{C8E42992-5E42-0C2B-DBFE-AA848D06431C}"
EndProject
Project("{FAE04EC0-301F-11D3-BF4B-00C04F79EFBC}") = "FiapGames.Shared.Kernel", "src\Shared\FiapGames.Shared.Kernel\FiapGames.Shared.Kernel.csproj", "{263DD9F4-A470-464C-95ED-B80AD1295136}"
EndProject
Project("{2150E333-8FDC-42A3-9474-1A3956D46DE8}") = "Modules", "Modules", "{EC447DCF-ABFA-6E24-52A5-D7FD48A5C558}"
EndProject
Project("{2150E333-8FDC-42A3-9474-1A3956D46DE8}") = "Users", "Users", "{A26F344D-182E-CE53-AD51-2154946AC6F3}"
EndProject
Project("{FAE04EC0-301F-11D3-BF4B-00C04F79EFBC}") = "FiapGames.Modules.Users", "src\Modules\Users\FiapGames.Modules.Users\FiapGames.Modules.Users.csproj", "{88971A5A-14DF-418F-B97B-BD56D4175C62}"
EndProject
Project("{2150E333-8FDC-42A3-9474-1A3956D46DE8}") = "Games", "Games", "{58DEE2D7-32BD-537C-1E71-87AB6BD65F6F}"
EndProject
Project("{FAE04EC0-301F-11D3-BF4B-00C04F79EFBC}") = "FiapGames.Modules.Games", "src\Modules\Games\FiapGames.Modules.Games\FiapGames.Modules.Games.csproj", "{E014254E-4C4B-4F4A-97D8-D77E0D043BF1}"
EndProject
Project("{2150E333-8FDC-42A3-9474-1A3956D46DE8}") = "tests", "tests", "{0AB3BF05-4346-4AA6-1389-037BE0695223}"
EndProject
Project("{FAE04EC0-301F-11D3-BF4B-00C04F79EFBC}") = "FiapGames.Modules.Users.Tests", "tests\FiapGames.Modules.Users.Tests\FiapGames.Modules.Users.Tests.csproj", "{F6230B2A-F7F9-4705-9C01-CE69B5FEDA1A}"
EndProject
Project("{FAE04EC0-301F-11D3-BF4B-00C04F79EFBC}") = "FiapGames.Modules.Games.Tests", "tests\FiapGames.Modules.Games.Tests\FiapGames.Modules.Games.Tests.csproj", "{53436EC6-8D97-461E-8DAF-D487FEC7EF00}"
EndProject
Project("{FAE04EC0-301F-11D3-BF4B-00C04F79EFBC}") = "FiapGames.Shared.Infrastructure", "src\Shared\FiapGames.Shared.Infrastructure\FiapGames.Shared.Infrastructure.csproj", "{F841C836-D5A4-4C8D-AF4F-1B27BE521AC8}"
EndProject
Global
	GlobalSection(SolutionConfigurationPlatforms) = preSolution
		Debug|Any CPU = Debug|Any CPU
		Debug|x64 = Debug|x64
		Debug|x86 = Debug|x86
		Release|Any CPU = Release|Any CPU
		Release|x64 = Release|x64
		Release|x86 = Release|x86
	EndGlobalSection
	GlobalSection(ProjectConfigurationPlatforms) = postSolution
		{10BFD26C-0A83-4071-A4E2-6F219C9C9488}.Debug|Any CPU.ActiveCfg = Debug|Any CPU
		{10BFD26C-0A83-4071-A4E2-6F219C9C9488}.Debug|Any CPU.Build.0 = Debug|Any CPU
		{10BFD26C-0A83-4071-A4E2-6F219C9C9488}.Debug|x64.ActiveCfg = Debug|Any CPU
		{10BFD26C-0A83-4071-A4E2-6F219C9C9488}.Debug|x64.Build.0 = Debug|Any CPU
		{10BFD26C-0A83-4071-A4E2-6F219C9C9488}.Debug|x86.ActiveCfg = Debug|Any CPU
		{10BFD26C-0A83-4071-A4E2-6F219C9C9488}.Debug|x86.Build.0 = Debug|Any CPU
		{10BFD26C-0A83-4071-A4E2-6F219C9C9488}.Release|Any CPU.ActiveCfg = Release|Any CPU
		{10BFD26C-0A83-4071-A4E2-6F219C9C9488}.Release|Any CPU.Build.0 = Release|Any CPU
		{10BFD26C-0A83-4071-A4E2-6F219C9C9488}.Release|x64.ActiveCfg = Release|Any CPU
		{10BFD26C-0A83-4071-A4E2-6F219C9C9488}.Release|x64.Build.0 = Release|Any CPU
		{10BFD26C-0A83-4071-A4E2-6F219C9C9488}.Release|x86.ActiveCfg = Release|Any CPU
		{10BFD26C-0A83-4071-A4E2-6F219C9C9488}.Release|x86.Build.0 = Release|Any CPU
		{263DD9F4-A470-464C-95ED-B80AD1295136}.Debug|Any CPU.ActiveCfg = Debug|Any CPU
		{263DD9F4-A470-464C-95ED-B80AD1295136}.Debug|Any CPU.Build.0 = Debug|Any CPU
		{263DD9F4-A470-464C-95ED-B80AD1295136}.Debug|x64.ActiveCfg = Debug|Any CPU
		{263DD9F4-A470-464C-95ED-B80AD1295136}.Debug|x64.Build.0 = Debug|Any CPU
		{263DD9F4-A470-464C-95ED-B80AD1295136}.Debug|x86.ActiveCfg = Debug|Any CPU
		{263DD9F4-A470-464C-95ED-B80AD1295136}.Debug|x86.Build.0 = Debug|Any CPU
		{263DD9F4-A470-464C-95ED-B80AD1295136}.Release|Any CPU.ActiveCfg = Release|Any CPU
		{263DD9F4-A470-464C-95ED-B80AD1295136}.Release|Any CPU.Build.0 = Release|Any CPU
		{263DD9F4-A470-464C-95ED-B80AD1295136}.Release|x64.ActiveCfg = Release|Any CPU
		{263DD9F4-A470-464C-95ED-B80AD1295136}.Release|x64.Build.0 = Release|Any CPU
		{263DD9F4-A470-464C-95ED-B80AD1295136}.Release|x86.ActiveCfg = Release|Any CPU
		{263DD9F4-A470-464C-95ED-B80AD1295136}.Release|x86.Build.0 = Release|Any CPU
		{88971A5A-14DF-418F-B97B-BD56D4175C62}.Debug|Any CPU.ActiveCfg = Debug|Any CPU
		{88971A5A-14DF-418F-B97B-BD56D4175C62}.Debug|Any CPU.Build.0 = Debug|Any CPU
		{88971A5A-14DF-418F-B97B-BD56D4175C62}.Debug|x64.ActiveCfg = Debug|Any CPU
		{88971A5A-14DF-418F-B97B-BD56D4175C62}.Debug|x64.Build.0 = Debug|Any CPU
		{88971A5A-14DF-418F-B97B-BD56D4175C62}.Debug|x86.ActiveCfg = Debug|Any CPU
		{88971A5A-14DF-418F-B97B-BD56D4175C62}.Debug|x86.Build.0 = Debug|Any CPU
		{88971A5A-14DF-418F-B97B-BD56D4175C62}.Release|Any CPU.ActiveCfg = Release|Any CPU
		{88971A5A-14DF-418F-B97B-BD56D4175C62}.Release|Any CPU.Build.0 = Release|Any CPU
		{88971A5A-14DF-418F-B97B-BD56D4175C62}.Release|x64.ActiveCfg = Release|Any CPU
		{88971A5A-14DF-418F-B97B-BD56D4175C62}.Release|x64.Build.0 = Release|Any CPU
		{88971A5A-14DF-418F-B97B-BD56D4175C62}.Release|x86.ActiveCfg = Release|Any CPU
		{88971A5A-14DF-418F-B97B-BD56D4175C62}.Release|x86.Build.0 = Release|Any CPU
		{E014254E-4C4B-4F4A-97D8-D77E0D043BF1}.Debug|Any CPU.ActiveCfg = Debug|Any CPU
		{E014254E-4C4B-4F4A-97D8-D77E0D043BF1}.Debug|Any CPU.Build.0 = Debug|Any CPU
		{E014254E-4C4B-4F4A-97D8-D77E0D043BF1}.Debug|x64.ActiveCfg = Debug|Any CPU
		{E014254E-4C4B-4F4A-97D8-D77E0D043BF1}.Debug|x64.Build.0 = Debug|Any CPU
		{E014254E-4C4B-4F4A-97D8-D77E0D043BF1}.Debug|x86.ActiveCfg = Debug|Any CPU
		{E014254E-4C4B-4F4A-97D8-D77E0D043BF1}.Debug|x86.Build.0 = Debug|Any CPU
		{E014254E-4C4B-4F4A-97D8-D77E0D043BF1}.Release|Any CPU.ActiveCfg = Release|Any CPU
		{E014254E-4C4B-4F4A-97D8-D77E0D043BF1}.Release|Any CPU.Build.0 = Release|Any CPU
		{E014254E-4C4B-4F4A-97D8-D77E0D043BF1}.Release|x64.ActiveCfg = Release|Any CPU
		{E014254E-4C4B-4F4A-97D8-D77E0D043BF1}.Release|x64.Build.0 = Release|Any CPU
		{E014254E-4C4B-4F4A-97D8-D77E0D043BF1}.Release|x86.ActiveCfg = Release|Any CPU
		{E014254E-4C4B-4F4A-97D8-D77E0D043BF1}.Release|x86.Build.0 = Release|Any CPU
		{F6230B2A-F7F9-4705-9C01-CE69B5FEDA1A}.Debug|Any CPU.ActiveCfg = Debug|Any CPU
		{F6230B2A-F7F9-4705-9C01-CE69B5FEDA1A}.Debug|Any CPU.Build.0 = Debug|Any CPU
		{F6230B2A-F7F9-4705-9C01-CE69B5FEDA1A}.Debug|x64.ActiveCfg = Debug|Any CPU
		{F6230B2A-F7F9-4705-9C01-CE69B5FEDA1A}.Debug|x64.Build.0 = Debug|Any CPU
		{F6230B2A-F7F9-4705-9C01-CE69B5FEDA1A}.Debug|x86.ActiveCfg = Debug|Any CPU
		{F6230B2A-F7F9-4705-9C01-CE69B5FEDA1A}.Debug|x86.Build.0 = Debug|Any CPU
		{F6230B2A-F7F9-4705-9C01-CE69B5FEDA1A}.Release|Any CPU.ActiveCfg = Release|Any CPU
		{F6230B2A-F7F9-4705-9C01-CE69B5FEDA1A}.Release|Any CPU.Build.0 = Release|Any CPU
		{F6230B2A-F7F9-4705-9C01-CE69B5FEDA1A}.Release|x64.ActiveCfg = Release|Any CPU
		{F6230B2A-F7F9-4705-9C01-CE69B5FEDA1A}.Release|x64.Build.0 = Release|Any CPU
		{F6230B2A-F7F9-4705-9C01-CE69B5FEDA1A}.Release|x86.ActiveCfg = Release|Any CPU
		{F6230B2A-F7F9-4705-9C01-CE69B5FEDA1A}.Release|x86.Build.0 = Release|Any CPU
		{53436EC6-8D97-461E-8DAF-D487FEC7EF00}.Debug|Any CPU.ActiveCfg = Debug|Any CPU
		{53436EC6-8D97-461E-8DAF-D487FEC7EF00}.Debug|Any CPU.Build.0 = Debug|Any CPU
		{53436EC6-8D97-461E-8DAF-D487FEC7EF00}.Debug|x64.ActiveCfg = Debug|Any CPU
		{53436EC6-8D97-461E-8DAF-D487FEC7EF00}.Debug|x64.Build.0 = Debug|Any CPU
		{53436EC6-8D97-461E-8DAF-D487FEC7EF00}.Debug|x86.ActiveCfg = Debug|Any CPU
		{53436EC6-8D97-461E-8DAF-D487FEC7EF00}.Debug|x86.Build.0 = Debug|Any CPU
		{53436EC6-8D97-461E-8DAF-D487FEC7EF00}.Release|Any CPU.ActiveCfg = Release|Any CPU
		{53436EC6-8D97-461E-8DAF-D487FEC7EF00}.Release|Any CPU.Build.0 = Release|Any CPU
		{53436EC6-8D97-461E-8DAF-D487FEC7EF00}.Release|x64.ActiveCfg = Release|Any CPU
		{53436EC6-8D97-461E-8DAF-D487FEC7EF00}.Release|x64.Build.0 = Release|Any CPU
		{53436EC6-8D97-461E-8DAF-D487FEC7EF00}.Release|x86.ActiveCfg = Release|Any CPU
		{53436EC6-8D97-461E-8DAF-D487FEC7EF00}.Release|x86.Build.0 = Release|Any CPU
		{F841C836-D5A4-4C8D-AF4F-1B27BE521AC8}.Debug|Any CPU.ActiveCfg = Debug|Any CPU
		{F841C836-D5A4-4C8D-AF4F-1B27BE521AC8}.Debug|Any CPU.Build.0 = Debug|Any CPU
		{F841C836-D5A4-4C8D-AF4F-1B27BE521AC8}.Debug|x64.ActiveCfg = Debug|Any CPU
		{F841C836-D5A4-4C8D-AF4F-1B27BE521AC8}.Debug|x64.Build.0 = Debug|Any CPU
		{F841C836-D5A4-4C8D-AF4F-1B27BE521AC8}.Debug|x86.ActiveCfg = Debug|Any CPU
		{F841C836-D5A4-4C8D-AF4F-1B27BE521AC8}.Debug|x86.Build.0 = Debug|Any CPU
		{F841C836-D5A4-4C8D-AF4F-1B27BE521AC8}.Release|Any CPU.ActiveCfg = Release|Any CPU
		{F841C836-D5A4-4C8D-AF4F-1B27BE521AC8}.Release|Any CPU.Build.0 = Release|Any CPU
		{F841C836-D5A4-4C8D-AF4F-1B27BE521AC8}.Release|x64.ActiveCfg = Release|Any CPU
		{F841C836-D5A4-4C8D-AF4F-1B27BE521AC8}.Release|x64.Build.0 = Release|Any CPU
		{F841C836-D5A4-4C8D-AF4F-1B27BE521AC8}.Release|x86.ActiveCfg = Release|Any CPU
		{F841C836-D5A4-4C8D-AF4F-1B27BE521AC8}.Release|x86.Build.0 = Release|Any CPU
	EndGlobalSection
	GlobalSection(SolutionProperties) = preSolution
		HideSolutionNode = FALSE
	EndGlobalSection
	GlobalSection(NestedProjects) = preSolution
		{81034408-37C8-1011-444E-4C15C2FADA8E} = {827E0CD3-B72D-47B6-A68D-7590B98EB39B}
		{10BFD26C-0A83-4071-A4E2-6F219C9C9488} = {81034408-37C8-1011-444E-4C15C2FADA8E}
		{C8E42992-5E42-0C2B-DBFE-AA848D06431C} = {827E0CD3-B72D-47B6-A68D-7590B98EB39B}
		{263DD9F4-A470-464C-95ED-B80AD1295136} = {C8E42992-5E42-0C2B-DBFE-AA848D06431C}
		{EC447DCF-ABFA-6E24-52A5-D7FD48A5C558} = {827E0CD3-B72D-47B6-A68D-7590B98EB39B}
		{A26F344D-182E-CE53-AD51-2154946AC6F3} = {EC447DCF-ABFA-6E24-52A5-D7FD48A5C558}
		{88971A5A-14DF-418F-B97B-BD56D4175C62} = {A26F344D-182E-CE53-AD51-2154946AC6F3}
		{58DEE2D7-32BD-537C-1E71-87AB6BD65F6F} = {EC447DCF-ABFA-6E24-52A5-D7FD48A5C558}
		{E014254E-4C4B-4F4A-97D8-D77E0D043BF1} = {58DEE2D7-32BD-537C-1E71-87AB6BD65F6F}
		{F6230B2A-F7F9-4705-9C01-CE69B5FEDA1A} = {0AB3BF05-4346-4AA6-1389-037BE0695223}
		{53436EC6-8D97-461E-8DAF-D487FEC7EF00} = {0AB3BF05-4346-4AA6-1389-037BE0695223}
		{F841C836-D5A4-4C8D-AF4F-1B27BE521AC8} = {C8E42992-5E42-0C2B-DBFE-AA848D06431C}
	EndGlobalSection
EndGlobal
